
Microsoft Visual Studio Solution File, Format Version 12.00
# Visual Studio Version 17
VisualStudioVersion = 17.1.32328.378
MinimumVisualStudioVersion = 10.0.40219.1
Project("{FAE04EC0-301F-11D3-BF4B-00C04F79EFBC}") = "ConsoleAppfileRazbor3", "ConsoleAppfileRazbor3\ConsoleAppfileRazbor3.csproj", "{C9052A2B-7821-44B9-83DB-9E5DB1D63903}"
EndProject
Global
	GlobalSection(SolutionConfigurationPlatforms) = preSolution
		Debug|Any CPU = Debug|Any CPU
		Release|Any CPU = Release|Any CPU
	EndGlobalSection
	GlobalSection(ProjectConfigurationPlatforms) = postSolution
		{C9052A2B-7821-44B9-83DB-9E5DB1D63903}.Debug|Any CPU.ActiveCfg = Debug|Any CPU
		{C9052A2B-7821-44B9-83DB-9E5DB1D63903}.Debug|Any CPU.Build.0 = Debug|Any CPU
		{C9052A2B-7821-44B9-83DB-9E5DB1D63903}.Release|Any CPU.ActiveCfg = Release|Any CPU
		{C9052A2B-7821-44B9-83DB-9E5DB1D63903}.Release|Any CPU.Build.0 = Release|Any CPU
	EndGlobalSection
	GlobalSection(SolutionProperties) = preSolution
		HideSolutionNode = FALSE
	EndGlobalSection
	GlobalSection(ExtensibilityGlobals) = postSolution
		SolutionGuid = {6DD2CB72-5C3A-462A-A69B-51168CEA164D}
	EndGlobalSection
EndGlobal
